PODS:
  - Flutter (1.0.0)
  - flutter_sequencer (0.0.1):
    - Flutter

DEPENDENCIES:
  - Flutter (from `Flutter`)
  - flutter_sequencer (from `.symlinks/plugins/flutter_sequencer/ios`)

EXTERNAL SOURCES:
  Flutter:
    :path: Flutter
  flutter_sequencer:
    :path: ".symlinks/plugins/flutter_sequencer/ios"

SPEC CHECKSUMS:
  Flutter: 434fef37c0980e73bb6479ef766c45957d4b510c
  flutter_sequencer: 109ede37ef92fd6ea7f619fd3291e5b3d744c97d

PODFILE CHECKSUM: dad5c248050686c335cc08c1ccd09e748efa0961

COCOAPODS: 1.10.1
