PODS:
  - AudioKit (4.11.1):
    - AudioKit/Core (= 4.11.1)
    - AudioKit/UI (= 4.11.1)
  - AudioKit/Core (4.11.1)
  - AudioKit/UI (4.11.1):
    - AudioKit/Core
  - Flutter (1.0.0)
  - flutter_sequencer (0.0.1):
    - AudioKit
    - Flutter

DEPENDENCIES:
  - AudioKit (~> 4.11.1)
  - Flutter (from `Flutter`)
  - flutter_sequencer (from `.symlinks/plugins/flutter_sequencer/ios`)

SPEC REPOS:
  trunk:
    - AudioKit

EXTERNAL SOURCES:
  Flutter:
    :path: Flutter
  flutter_sequencer:
    :path: ".symlinks/plugins/flutter_sequencer/ios"

SPEC CHECKSUMS:
  AudioKit: 059a783edd8340ca0130a66d1ad126aa5bb8ad92
  Flutter: 0e3d915762c693b495b44d77113d4970485de6ec
  flutter_sequencer: 09c6638d1aa87976a7982ae2ff8a70dbf37e2213

PODFILE CHECKSUM: 439e2bf769b079107f23ff56ccb9301a43ea44e3

COCOAPODS: 1.10.1
